
Microsoft Visual Studio Solution File, Format Version 12.00
# Visual Studio Version 16
VisualStudioVersion = 16.0.31205.134
MinimumVisualStudioVersion = 10.0.40219.1
Project("{FAE04EC0-301F-11D3-BF4B-00C04F79EFBC}") = "RestaurantRater_Web", "RestaurantRater_Web\RestaurantRater_Web.csproj", "{FC2F281D-57B0-43A9-8DFE-6F9D8A566304}"
EndProject
Global
	GlobalSection(SolutionConfigurationPlatforms) = preSolution
		Debug|Any CPU = Debug|Any CPU
		Release|Any CPU = Release|Any CPU
	EndGlobalSection
	GlobalSection(ProjectConfigurationPlatforms) = postSolution
		{FC2F281D-57B0-43A9-8DFE-6F9D8A566304}.Debug|Any CPU.ActiveCfg = Debug|Any CPU
		{FC2F281D-57B0-43A9-8DFE-6F9D8A566304}.Debug|Any CPU.Build.0 = Debug|Any CPU
		{FC2F281D-57B0-43A9-8DFE-6F9D8A566304}.Release|Any CPU.ActiveCfg = Release|Any CPU
		{FC2F281D-57B0-43A9-8DFE-6F9D8A566304}.Release|Any CPU.Build.0 = Release|Any CPU
	EndGlobalSection
	GlobalSection(SolutionProperties) = preSolution
		HideSolutionNode = FALSE
	EndGlobalSection
	GlobalSection(ExtensibilityGlobals) = postSolution
		SolutionGuid = {73BDC0A8-D396-498C-9398-39F98FBBCCAB}
	EndGlobalSection
EndGlobal
